{
  "name": "g2plot",
  "version": "1.0.0",
  "lockfileVersion": 1,
  "requires": true,
  "dependencies": {
    "@antv/adjust": {
      "version": "0.2.3",
      "resolved": "https://registry.npmjs.org/@antv/adjust/-/adjust-0.2.3.tgz",
      "integrity": "sha512-rihqcCdS7piQnK1nRlCvbIaj2QeaqghxINXiMpTJp+0c9cKlTUwL7/2r+gv9YN5R0P1WzSHTmK2Sn+bQCJDo0Q==",
      "requires": {
        "@antv/util": "~2.0.0",
        "tslib": "^1.10.0"
      }
    },
    "@antv/attr": {
      "version": "0.3.2",
      "resolved": "https://registry.npmjs.org/@antv/attr/-/attr-0.3.2.tgz",
      "integrity": "sha512-31PfcVKeQdPBmr/QD+IC0NB/FbdtVKOXBCNMepFc5/dEs7jphmgG1V4tfAJmcXIHubCTHOjpscTrDIvoKSGvMQ==",
      "requires": {
        "@antv/color-util": "^2.0.1",
        "@antv/util": "~2.0.0",
        "tslib": "^1.10.0"
      }
    },
    "@antv/color-util": {
      "version": "2.0.5",
      "resolved": "https://registry.npmjs.org/@antv/color-util/-/color-util-2.0.5.tgz",
      "integrity": "sha512-eQktA9YDnWCj03rfjpg0ajvCfRkHXzBzsZa9z94pY6Jb7e3XtPUp7vDpB8KhaKm9GjPtGzQDneh+gnqkEK8mtQ==",
      "requires": {
        "@antv/util": "^2.0.9",
        "tslib": "^1.10.0"
      }
    },
    "@antv/component": {
      "version": "0.7.9",
      "resolved": "https://registry.npmjs.org/@antv/component/-/component-0.7.9.tgz",
      "integrity": "sha512-K0nephuK9+6wrR9SCcfDHLCN+C5caKaWC3V739G0ZcYAJ23616Eq5iwl2JsGnjZOebxmYqDxhwTu7csftebkKg==",
      "requires": {
        "@antv/dom-util": "~2.0.1",
        "@antv/g-base": "~0.5.0",
        "@antv/matrix-util": "^3.1.0-beta.1",
        "@antv/path-util": "~2.0.7",
        "@antv/scale": "~0.3.1",
        "@antv/util": "~2.0.0",
        "fecha": "~4.2.0",
        "tslib": "^1.10.0"
      }
    },
    "@antv/coord": {
      "version": "0.3.0",
      "resolved": "https://registry.npmjs.org/@antv/coord/-/coord-0.3.0.tgz",
      "integrity": "sha512-lm5Ct+r62mFVqhziKoDFN3PQjnkNBMOoOG+kBsPq3M3GqlQt5Jc7euOHMFcYSZM9HJmsKkGcih6EWDVVliMEZg==",
      "requires": {
        "@antv/matrix-util": "^3.1.0-beta.2",
        "@antv/util": "~2.0.3",
        "tslib": "^1.10.0"
      }
    },
    "@antv/dom-util": {
      "version": "2.0.2",
      "resolved": "https://registry.npmjs.org/@antv/dom-util/-/dom-util-2.0.2.tgz",
      "integrity": "sha512-i/rh385casRd6OA4rbpbA2jyiwY/w7PtkA+74mH43PiBzOcLpDg1jEWR9dMO0tIqUzHQWWqKNNjmXVubl4GS6g==",
      "requires": {
        "tslib": "^1.10.0"
      }
    },
    "@antv/event-emitter": {
      "version": "0.1.2",
      "resolved": "https://registry.npmjs.org/@antv/event-emitter/-/event-emitter-0.1.2.tgz",
      "integrity": "sha512-6C6NJOdoNVptCr5y9BVOhKkCgW7LFs/SpcRyAExUeSjAm0zJqcqNkSIRGsXYhj4PJI+CZICHzGwwiSnIsE68Ug=="
    },
    "@antv/g-base": {
      "version": "0.5.1",
      "resolved": "https://registry.npmjs.org/@antv/g-base/-/g-base-0.5.1.tgz",
      "integrity": "sha512-gbv+uz/SvzM4/p3PLjAiEZUp6kdzKkCbVWTCdBXB1cvNMttlEzWEB8MOFbEkcIAy7TtjQJJRv8ThI/ngFzU+fg==",
      "requires": {
        "@antv/event-emitter": "^0.1.1",
        "@antv/g-math": "^0.1.5",
        "@antv/matrix-util": "^3.1.0-beta.1",
        "@antv/path-util": "~2.0.5",
        "@antv/util": "~2.0.0",
        "@types/d3-timer": "^1.0.9",
        "d3-ease": "^1.0.5",
        "d3-interpolate": "^1.3.2",
        "d3-timer": "^1.0.9",
        "detect-browser": "^5.1.0"
      }
    },
    "@antv/g-canvas": {
      "version": "0.5.1",
      "resolved": "https://registry.npmjs.org/@antv/g-canvas/-/g-canvas-0.5.1.tgz",
      "integrity": "sha512-m132AyMrILm0wYTbXSlmDaz8M7OoEIvSZuW59apDS+F3jHAxsJrBvKXJjJJ26CItdIbTmeLLMcfoGIj9IzXvDw==",
      "requires": {
        "@antv/g-base": "^0.5.1",
        "@antv/g-math": "^0.1.5",
        "@antv/matrix-util": "^3.1.0-beta.1",
        "@antv/path-util": "~2.0.5",
        "@antv/util": "~2.0.0",
        "gl-matrix": "^3.0.0"
      }
    },
    "@antv/g-math": {
      "version": "0.1.5",
      "resolved": "https://registry.npmjs.org/@antv/g-math/-/g-math-0.1.5.tgz",
      "integrity": "sha512-29B3p33jzUPIyx1xYfNCexbp7jvahD6bD8FKKyWqfYZHQbvrFfV8ZNUu66RJLfDrl0KaKT6C5whfKs/WrVaflQ==",
      "requires": {
        "@antv/util": "~2.0.0",
        "gl-matrix": "^3.0.0"
      }
    },
    "@antv/g-svg": {
      "version": "0.5.1",
      "resolved": "https://registry.npmjs.org/@antv/g-svg/-/g-svg-0.5.1.tgz",
      "integrity": "sha512-UALLDneKlpOaAZXMIRsUjDrmuceXGR0shXwj4gv+UzIgYe/4hNxTll+1RsA+R+tYmQKAhsilhzsm3eMmPzwbtA==",
      "requires": {
        "@antv/g-base": "^0.5.1",
        "@antv/g-math": "^0.1.5",
        "@antv/util": "~2.0.0",
        "detect-browser": "^5.0.0"
      }
    },
    "@antv/g2": {
      "version": "4.1.0-beta.13",
      "resolved": "https://registry.npmjs.org/@antv/g2/-/g2-4.1.0-beta.13.tgz",
      "integrity": "sha512-wmDUbeTbRKg/GZ5cP9HfaszraPgbi9lzYBbGPDjddajYKxCG25jbbGYVBMjByAkXuq7pGCXa8xixh+G4cmPcPg==",
      "requires": {
        "@antv/adjust": "^0.2.1",
        "@antv/attr": "^0.3.1",
        "@antv/color-util": "^2.0.2",
        "@antv/component": "^0.7.0",
        "@antv/coord": "^0.3.0",
        "@antv/dom-util": "^2.0.2",
        "@antv/event-emitter": "~0.1.0",
        "@antv/g-base": "^0.5.0",
        "@antv/g-canvas": "^0.5.0",
        "@antv/g-svg": "^0.5.0",
        "@antv/matrix-util": "^3.1.0-beta.1",
        "@antv/path-util": "^2.0.3",
        "@antv/scale": "^0.3.1",
        "@antv/util": "~2.0.5",
        "tslib": "^2.0.0"
      },
      "dependencies": {
        "tslib": {
          "version": "2.0.3",
          "resolved": "https://registry.npmjs.org/tslib/-/tslib-2.0.3.tgz",
          "integrity": "sha512-uZtkfKblCEQtZKBF6EBXVZeQNl82yqtDQdv+eck8u7tdPxjLu2/lp5/uPW+um2tpuxINHWy3GhiccY7QgEaVHQ=="
        }
      }
    },
    "@antv/g2plot": {
      "version": "2.0.4",
      "resolved": "https://registry.npmjs.org/@antv/g2plot/-/g2plot-2.0.4.tgz",
      "integrity": "sha512-LcBLINziChZzPqzHuWwfhkXUdb+PdDTclKpDMJQKWKINmILqlnikHgJN00XcQtVdCesSNzLxndG60zFKuA7v6Q==",
      "requires": {
        "@antv/event-emitter": "^0.1.2",
        "@antv/g2": "^4.1.0-beta.13",
        "d3-hierarchy": "^2.0.0",
        "dayjs": "^1.8.36",
        "size-sensor": "^1.0.1",
        "tslib": "^1.13.0"
      }
    },
    "@antv/matrix-util": {
      "version": "3.1.0-beta.2",
      "resolved": "https://registry.npmjs.org/@antv/matrix-util/-/matrix-util-3.1.0-beta.2.tgz",
      "integrity": "sha512-Efwp0ZHxVDK/8RUa/RRWN7HKFHJmjn7Oq5HaNBbCmsxd7JTla3Zsoq1AZrjWMDlq0lplo77urclwI+XIW8NEHw==",
      "requires": {
        "@antv/util": "^2.0.9",
        "gl-matrix": "^3.3.0",
        "tslib": "^1.10.0"
      }
    },
    "@antv/path-util": {
      "version": "2.0.8",
      "resolved": "https://registry.npmjs.org/@antv/path-util/-/path-util-2.0.8.tgz",
      "integrity": "sha512-g5gt12MY1oEzh/j5XfLNRCfJU7E+Us+2yM5Hqc0y8xeWhb5l013XG5BPV37KmOf6WAys9KNxklNniHCZ6SqCKw==",
      "requires": {
        "@antv/util": "^2.0.9",
        "tslib": "^1.10.0"
      }
    },
    "@antv/scale": {
      "version": "0.3.4",
      "resolved": "https://registry.npmjs.org/@antv/scale/-/scale-0.3.4.tgz",
      "integrity": "sha512-mZaf3MtMoQJtd+KAgTANVbvKpaXVpzLAFbKO/wSKaLFpnWO0bwMVDYzrs+5DZhfEfMbZpP/A7qUZ2/DLh0T3Tg==",
      "requires": {
        "@antv/util": "~2.0.3",
        "fecha": "~4.2.0",
        "tslib": "^2.0.0"
      },
      "dependencies": {
        "tslib": {
          "version": "2.0.3",
          "resolved": "https://registry.npmjs.org/tslib/-/tslib-2.0.3.tgz",
          "integrity": "sha512-uZtkfKblCEQtZKBF6EBXVZeQNl82yqtDQdv+eck8u7tdPxjLu2/lp5/uPW+um2tpuxINHWy3GhiccY7QgEaVHQ=="
        }
      }
    },
    "@antv/util": {
      "version": "2.0.9",
      "resolved": "https://registry.npmjs.org/@antv/util/-/util-2.0.9.tgz",
      "integrity": "sha512-JblWzne7msAPDdxkUhEk8zAz0Wd6igKwqymGbvIeyOydGrhBhGjA3nEayFj4IlG+XixCvGFKsCB4yuFS4glRIA==",
      "requires": {
        "tslib": "^1.10.0"
      }
    },
    "@types/d3-timer": {
      "version": "1.0.10",
      "resolved": "https://registry.npmjs.org/@types/d3-timer/-/d3-timer-1.0.10.tgz",
      "integrity": "sha512-ZnAbquVqy+4ZjdW0cY6URp+qF/AzTVNda2jYyOzpR2cPT35FTXl78s15Bomph9+ckOiI1TtkljnWkwbIGAb6rg=="
    },
    "d3-color": {
      "version": "1.4.1",
      "resolved": "https://registry.npmjs.org/d3-color/-/d3-color-1.4.1.tgz",
      "integrity": "sha512-p2sTHSLCJI2QKunbGb7ocOh7DgTAn8IrLx21QRc/BSnodXM4sv6aLQlnfpvehFMLZEfBc6g9pH9SWQccFYfJ9Q=="
    },
    "d3-ease": {
      "version": "1.0.7",
      "resolved": "https://registry.npmjs.org/d3-ease/-/d3-ease-1.0.7.tgz",
      "integrity": "sha512-lx14ZPYkhNx0s/2HX5sLFUI3mbasHjSSpwO/KaaNACweVwxUruKyWVcb293wMv1RqTPZyZ8kSZ2NogUZNcLOFQ=="
    },
    "d3-hierarchy": {
      "version": "2.0.0",
      "resolved": "https://registry.npmjs.org/d3-hierarchy/-/d3-hierarchy-2.0.0.tgz",
      "integrity": "sha512-SwIdqM3HxQX2214EG9GTjgmCc/mbSx4mQBn+DuEETubhOw6/U3fmnji4uCVrmzOydMHSO1nZle5gh6HB/wdOzw=="
    },
    "d3-interpolate": {
      "version": "1.4.0",
      "resolved": "https://registry.npmjs.org/d3-interpolate/-/d3-interpolate-1.4.0.tgz",
      "integrity": "sha512-V9znK0zc3jOPV4VD2zZn0sDhZU3WAE2bmlxdIwwQPPzPjvyLkd8B3JUVdS1IDUFDkWZ72c9qnv1GK2ZagTZ8EA==",
      "requires": {
        "d3-color": "1"
      }
    },
    "d3-timer": {
      "version": "1.0.10",
      "resolved": "https://registry.npmjs.org/d3-timer/-/d3-timer-1.0.10.tgz",
      "integrity": "sha512-B1JDm0XDaQC+uvo4DT79H0XmBskgS3l6Ve+1SBCfxgmtIb1AVrPIoqd+nPSv+loMX8szQ0sVUhGngL7D5QPiXw=="
    },
    "dayjs": {
      "version": "1.9.3",
      "resolved": "https://registry.npmjs.org/dayjs/-/dayjs-1.9.3.tgz",
      "integrity": "sha512-V+1SyIvkS+HmNbN1G7A9+ERbFTV9KTXu6Oor98v2xHmzzpp52OIJhQuJSTywWuBY5pyAEmlwbCi1Me87n/SLOw=="
    },
    "detect-browser": {
      "version": "5.2.0",
      "resolved": "https://registry.npmjs.org/detect-browser/-/detect-browser-5.2.0.tgz",
      "integrity": "sha512-tr7XntDAu50BVENgQfajMLzacmSe34D+qZc4zjnniz0ZVuw/TZcLcyxHQjYpJTM36sGEkZZlYLnIM1hH7alTMA=="
    },
    "fecha": {
      "version": "4.2.0",
      "resolved": "https://registry.npmjs.org/fecha/-/fecha-4.2.0.tgz",
      "integrity": "sha512-aN3pcx/DSmtyoovUudctc8+6Hl4T+hI9GBBHLjA76jdZl7+b1sgh5g4k+u/GL3dTy1/pnYzKp69FpJ0OicE3Wg=="
    },
    "gl-matrix": {
      "version": "3.3.0",
      "resolved": "https://registry.npmjs.org/gl-matrix/-/gl-matrix-3.3.0.tgz",
      "integrity": "sha512-COb7LDz+SXaHtl/h4LeaFcNdJdAQSDeVqjiIihSXNrkWObZLhDI4hIkZC11Aeqp7bcE72clzB0BnDXr2SmslRA=="
    },
    "size-sensor": {
      "version": "1.0.1",
      "resolved": "https://registry.npmjs.org/size-sensor/-/size-sensor-1.0.1.tgz",
      "integrity": "sha512-QTy7MnuugCFXIedXRpUSk9gUnyNiaxIdxGfUjr8xxXOqIB3QvBUYP9+b51oCg2C4dnhaeNk/h57TxjbvoJrJUA=="
    },
    "tslib": {
      "version": "1.14.1",
      "resolved": "https://registry.npmjs.org/tslib/-/tslib-1.14.1.tgz",
      "integrity": "sha512-Xni35NKzjgMrwevysHTCArtLDpPvye8zV/0E4EyYn43P7/7qvQwPh9BGkHewbMulVntbigmcT7rdX3BNo9wRJg=="
    }
  }
}
